// !$*UTF8*$!
{
	archiveVersion = 1;
	classes = {
	};
	objectVersion = 50;
	objects = {

/* Begin PBXBuildFile section */
		B7900BF9203B26E00096E8E2 /* AppDelegate.swift in Sources */ = {isa = PBXBuildFile; fileRef = B7900BF8203B26E00096E8E2 /* AppDelegate.swift */; };
		B7900BFB203B26E00096E8E2 /* ViewController.swift in Sources */ = {isa = PBXBuildFile; fileRef = B7900BFA203B26E00096E8E2 /* ViewController.swift */; };
		B7900BFE203B26E00096E8E2 /* Main.storyboard in Resources */ = {isa = PBXBuildFile; fileRef = B7900BFC203B26E00096E8E2 /* Main.storyboard */; };
		B7900C00203B26E10096E8E2 /* Assets.xcassets in Resources */ = {isa = PBXBuildFile; fileRef = B7900BFF203B26E10096E8E2 /* Assets.xcassets */; };
		B7900C03203B26E10096E8E2 /* LaunchScreen.storyboard in Resources */ = {isa = PBXBuildFile; fileRef = B7900C01203B26E10096E8E2 /* LaunchScreen.storyboard */; };
		B7900C0B203B3EC30096E8E2 /* ShapeArtist.framework in Frameworks */ = {isa = PBXBuildFile; fileRef = B7900C0A203B3EC30096E8E2 /* ShapeArtist.framework */; };
		B7900C0C203B3EC30096E8E2 /* ShapeArtist.framework in Embed Frameworks */ = {isa = PBXBuildFile; fileRef = B7900C0A203B3EC30096E8E2 /* ShapeArtist.framework */; settings = {ATTRIBUTES = (CodeSignOnCopy, RemoveHeadersOnCopy, ); }; };
/* End PBXBuildFile section */

/* Begin PBXCopyFilesBuildPhase section */
		B7900C0D203B3EC30096E8E2 /* Embed Frameworks */ = {
			isa = PBXCopyFilesBuildPhase;
			buildActionMask = 2147483647;
			dstPath = "";
			dstSubfolderSpec = 10;
			files = (
				B7900C0C203B3EC30096E8E2 /* ShapeArtist.framework in Embed Frameworks */,
			);
			name = "Embed Frameworks";
			runOnlyForDeploymentPostprocessing = 0;
		};
/* End PBXCopyFilesBuildPhase section */

/* Begin PBXFileReference section */
		B6CBABB69F9C3161B77D817D /* Pods-ShapeArtistExample.release.xcconfig */ = {isa = PBXFileReference; includeInIndex = 1; lastKnownFileType = text.xcconfig; name = "Pods-ShapeArtistExample.release.xcconfig"; path = "Pods/Target Support Files/Pods-ShapeArtistExample/Pods-ShapeArtistExample.release.xcconfig"; sourceTree = "<group>"; };
		B7900BF5203B26E00096E8E2 /* ShapeArtistExample.app */ = {isa = PBXFileReference; explicitFileType = wrapper.application; includeInIndex = 0; path = ShapeArtistExample.app; sourceTree = BUILT_PRODUCTS_DIR; };
		B7900BF8203B26E00096E8E2 /* AppDelegate.swift */ = {isa = PBXFileReference; lastKnownFileType = sourcecode.swift; path = AppDelegate.swift; sourceTree = "<group>"; };
		B7900BFA203B26E00096E8E2 /* ViewController.swift */ = {isa = PBXFileReference; lastKnownFileType = sourcecode.swift; path = ViewController.swift; sourceTree = "<group>"; };
		B7900BFD203B26E00096E8E2 /* Base */ = {isa = PBXFileReference; lastKnownFileType = file.storyboard; name = Base; path = Base.lproj/Main.storyboard; sourceTree = "<group>"; };
		B7900BFF203B26E10096E8E2 /* Assets.xcassets */ = {isa = PBXFileReference; lastKnownFileType = folder.assetcatalog; path = Assets.xcassets; sourceTree = "<group>"; };
		B7900C02203B26E10096E8E2 /* Base */ = {isa = PBXFileReference; lastKnownFileType = file.storyboard; name = Base; path = Base.lproj/LaunchScreen.storyboard; sourceTree = "<group>"; };
		B7900C04203B26E10096E8E2 /* Info.plist */ = {isa = PBXFileReference; lastKnownFileType = text.plist.xml; path = Info.plist; sourceTree = "<group>"; };
		B7900C0A203B3EC30096E8E2 /* ShapeArtist.framework */ = {isa = PBXFileReference; explicitFileType = wrapper.framework; path = ShapeArtist.framework; sourceTree = BUILT_PRODUCTS_DIR; };
		D09123A673FEF11EC42C0DDC /* Pods-ShapeArtistExample.debug.xcconfig */ = {isa = PBXFileReference; includeInIndex = 1; lastKnownFileType = text.xcconfig; name = "Pods-ShapeArtistExample.debug.xcconfig"; path = "Pods/Target Support Files/Pods-ShapeArtistExample/Pods-ShapeArtistExample.debug.xcconfig"; sourceTree = "<group>"; };
		EC6BFF1EB732639A70CDF446 /* Pods_ShapeArtistExample.framework */ = {isa = PBXFileReference; explicitFileType = wrapper.framework; includeInIndex = 0; path = Pods_ShapeArtistExample.framework; sourceTree = BUILT_PRODUCTS_DIR; };
/* End PBXFileReference section */

/* Begin PBXFrameworksBuildPhase section */
		B7900BF2203B26E00096E8E2 /* Frameworks */ = {
			isa = PBXFrameworksBuildPhase;
			buildActionMask = 2147483647;
			files = (
				B7900C0B203B3EC30096E8E2 /* ShapeArtist.framework in Frameworks */,
			);
			runOnlyForDeploymentPostprocessing = 0;
		};
/* End PBXFrameworksBuildPhase section */

/* Begin PBXGroup section */
		58800F6AF959D897AAF525C3 /* Frameworks */ = {
			isa = PBXGroup;
			children = (
				EC6BFF1EB732639A70CDF446 /* Pods_ShapeArtistExample.framework */,
			);
			name = Frameworks;
			sourceTree = "<group>";
		};
		B7900BEC203B26E00096E8E2 = {
			isa = PBXGroup;
			children = (
				B7900C0A203B3EC30096E8E2 /* ShapeArtist.framework */,
				B7900BF7203B26E00096E8E2 /* ShapeArtistExample */,
				B7900BF6203B26E00096E8E2 /* Products */,
				F8699C23EE9ACC5347261957 /* Pods */,
				58800F6AF959D897AAF525C3 /* Frameworks */,
			);
			sourceTree = "<group>";
		};
		B7900BF6203B26E00096E8E2 /* Products */ = {
			isa = PBXGroup;
			children = (
				B7900BF5203B26E00096E8E2 /* ShapeArtistExample.app */,
			);
			name = Products;
			sourceTree = "<group>";
		};
		B7900BF7203B26E00096E8E2 /* ShapeArtistExample */ = {
			isa = PBXGroup;
			children = (
				B7900BF8203B26E00096E8E2 /* AppDelegate.swift */,
				B7900BFA203B26E00096E8E2 /* ViewController.swift */,
				B7900BFC203B26E00096E8E2 /* Main.storyboard */,
				B7900BFF203B26E10096E8E2 /* Assets.xcassets */,
				B7900C01203B26E10096E8E2 /* LaunchScreen.storyboard */,
				B7900C04203B26E10096E8E2 /* Info.plist */,
			);
			path = ShapeArtistExample;
			sourceTree = "<group>";
		};
		F8699C23EE9ACC5347261957 /* Pods */ = {
			isa = PBXGroup;
			children = (
				D09123A673FEF11EC42C0DDC /* Pods-ShapeArtistExample.debug.xcconfig */,
				B6CBABB69F9C3161B77D817D /* Pods-ShapeArtistExample.release.xcconfig */,
			);
			name = Pods;
			sourceTree = "<group>";
		};
/* End PBXGroup section */

/* Begin PBXNativeTarget section */
		B7900BF4203B26E00096E8E2 /* ShapeArtistExample */ = {
			isa = PBXNativeTarget;
			buildConfigurationList = B7900C07203B26E10096E8E2 /* Build configuration list for PBXNativeTarget "ShapeArtistExample" */;
			buildPhases = (
				5580246646262EDE92C921EE /* [CP] Check Pods Manifest.lock */,
				B7900BF1203B26E00096E8E2 /* Sources */,
				B7900BF2203B26E00096E8E2 /* Frameworks */,
				B7900BF3203B26E00096E8E2 /* Resources */,
				52765A3F3946594AB8C19598 /* [CP] Embed Pods Frameworks */,
				9BC21DDCBB70B74C61536D9C /* [CP] Copy Pods Resources */,
				B7900C0D203B3EC30096E8E2 /* Embed Frameworks */,
			);
			buildRules = (
			);
			dependencies = (
			);
			name = ShapeArtistExample;
			productName = ShapeArtistExample;
			productReference = B7900BF5203B26E00096E8E2 /* ShapeArtistExample.app */;
			productType = "com.apple.product-type.application";
		};
/* End PBXNativeTarget section */

/* Begin PBXProject section */
		B7900BED203B26E00096E8E2 /* Project object */ = {
			isa = PBXProject;
			attributes = {
				LastSwiftUpdateCheck = 0930;
				LastUpgradeCheck = 0930;
				ORGANIZATIONNAME = "HEMA VENKATARAMAN";
				TargetAttributes = {
					B7900BF4203B26E00096E8E2 = {
						CreatedOnToolsVersion = 9.3;
					};
				};
			};
			buildConfigurationList = B7900BF0203B26E00096E8E2 /* Build configuration list for PBXProject "ShapeArtistExample" */;
			compatibilityVersion = "Xcode 9.3";
			developmentRegion = en;
			hasScannedForEncodings = 0;
			knownRegions = (
				en,
				Base,
			);
			mainGroup = B7900BEC203B26E00096E8E2;
			productRefGroup = B7900BF6203B26E00096E8E2 /* Products */;
			projectDirPath = "";
			projectRoot = "";
			targets = (
				B7900BF4203B26E00096E8E2 /* ShapeArtistExample */,
			);
		};
/* End PBXProject section */

/* Begin PBXResourcesBuildPhase section */
		B7900BF3203B26E00096E8E2 /* Resources */ = {
			isa = PBXResourcesBuildPhase;
			buildActionMask = 2147483647;
			files = (
				B7900C03203B26E10096E8E2 /* LaunchScreen.storyboard in Resources */,
				B7900C00203B26E10096E8E2 /* Assets.xcassets in Resources */,
				B7900BFE203B26E00096E8E2 /* Main.storyboard in Resources */,
			);
			runOnlyForDeploymentPostprocessing = 0;
		};
/* End PBXResourcesBuildPhase section */

/* Begin PBXShellScriptBuildPhase section */
		52765A3F3946594AB8C19598 /* [CP] Embed Pods Frameworks */ = {
			isa = PBXShellScriptBuildPhase;
			buildActionMask = 2147483647;
			files = (
			);
			inputPaths = (
				"${SRCROOT}/Pods/Target Support Files/Pods-ShapeArtistExample/Pods-ShapeArtistExample-frameworks.sh",
				"${BUILT_PRODUCTS_DIR}/ShapeArtist/ShapeArtist.framework",
			);
			name = "[CP] Embed Pods Frameworks";
			outputPaths = (
				"${TARGET_BUILD_DIR}/${FRAMEWORKS_FOLDER_PATH}/ShapeArtist.framework",
			);
			runOnlyForDeploymentPostprocessing = 0;
			shellPath = /bin/sh;
			shellScript = "\"${SRCROOT}/Pods/Target Support Files/Pods-ShapeArtistExample/Pods-ShapeArtistExample-frameworks.sh\"\n";
			showEnvVarsInLog = 0;
		};
		5580246646262EDE92C921EE /* [CP] Check Pods Manifest.lock */ = {
			isa = PBXShellScriptBuildPhase;
			buildActionMask = 2147483647;
			files = (
			);
			inputPaths = (
				"${PODS_PODFILE_DIR_PATH}/Podfile.lock",
				"${PODS_ROOT}/Manifest.lock",
			);
			name = "[CP] Check Pods Manifest.lock";
			outputPaths = (
				"$(DERIVED_FILE_DIR)/Pods-ShapeArtistExample-checkManifestLockResult.txt",
			);
			runOnlyForDeploymentPostprocessing = 0;
			shellPath = /bin/sh;
			shellScript = "diff \"${PODS_PODFILE_DIR_PATH}/Podfile.lock\" \"${PODS_ROOT}/Manifest.lock\" > /dev/null\nif [ $? != 0 ] ; then\n    # print error to STDERR\n    echo \"error: The sandbox is not in sync with the Podfile.lock. Run 'pod install' or update your CocoaPods installation.\" >&2\n    exit 1\nfi\n# This output is used by Xcode 'outputs' to avoid re-running this script phase.\necho \"SUCCESS\" > \"${SCRIPT_OUTPUT_FILE_0}\"\n";
			showEnvVarsInLog = 0;
		};
		9BC21DDCBB70B74C61536D9C /* [CP] Copy Pods Resources */ = {
			isa = PBXShellScriptBuildPhase;
			buildActionMask = 2147483647;
			files = (
			);
			inputPaths = (
			);
			name = "[CP] Copy Pods Resources";
			outputPaths = (
			);
			runOnlyForDeploymentPostprocessing = 0;
			shellPath = /bin/sh;
			shellScript = "\"${SRCROOT}/Pods/Target Support Files/Pods-ShapeArtistExample/Pods-ShapeArtistExample-resources.sh\"\n";
			showEnvVarsInLog = 0;
		};
/* End PBXShellScriptBuildPhase section */

/* Begin PBXSourcesBuildPhase section */
		B7900BF1203B26E00096E8E2 /* Sources */ = {
			isa = PBXSourcesBuildPhase;
			buildActionMask = 2147483647;
			files = (
				B7900BFB203B26E00096E8E2 /* ViewController.swift in Sources */,
				B7900BF9203B26E00096E8E2 /* AppDelegate.swift in Sources */,
			);
			runOnlyForDeploymentPostprocessing = 0;
		};
/* End PBXSourcesBuildPhase section */

/* Begin PBXVariantGroup section */
		B7900BFC203B26E00096E8E2 /* Main.storyboard */ = {
			isa = PBXVariantGroup;
			children = (
				B7900BFD203B26E00096E8E2 /* Base */,
			);
			name = Main.storyboard;
			sourceTree = "<group>";
		};
		B7900C01203B26E10096E8E2 /* LaunchScreen.storyboard */ = {
			isa = PBXVariantGroup;
			children = (
				B7900C02203B26E10096E8E2 /* Base */,
			);
			name = LaunchScreen.storyboard;
			sourceTree = "<group>";
		};
/* End PBXVariantGroup section */

/* Begin XCBuildConfiguration section */
		B7900C05203B26E10096E8E2 /* Debug */ = {
			isa = XCBuildConfiguration;
			buildSettings = {
				ALWAYS_SEARCH_USER_PATHS = NO;
				CLANG_ANALYZER_NONNULL = YES;
				CLANG_ANALYZER_NUMBER_OBJECT_CONVERSION = YES_AGGRESSIVE;
				CLANG_CXX_LANGUAGE_STANDARD = "gnu++14";
				CLANG_CXX_LIBRARY = "libc++";
				CLANG_ENABLE_MODULES = YES;
				CLANG_ENABLE_OBJC_ARC = YES;
				CLANG_ENABLE_OBJC_WEAK = YES;
				CLANG_WARN_BLOCK_CAPTURE_AUTORELEASING = YES;
				CLANG_WARN_BOOL_CONVERSION = YES;
				CLANG_WARN_COMMA = YES;
				CLANG_WARN_CONSTANT_CONVERSION = YES;
				CLANG_WARN_DEPRECATED_OBJC_IMPLEMENTATIONS = YES;
				CLANG_WARN_DIRECT_OBJC_ISA_USAGE = YES_ERROR;
				CLANG_WARN_DOCUMENTATION_COMMENTS = YES;
				CLANG_WARN_EMPTY_BODY = YES;
				CLANG_WARN_ENUM_CONVERSION = YES;
				CLANG_WARN_INFINITE_RECURSION = YES;
				CLANG_WARN_INT_CONVERSION = YES;
				CLANG_WARN_NON_LITERAL_NULL_CONVERSION = YES;
				CLANG_WARN_OBJC_IMPLICIT_RETAIN_SELF = YES;
				CLANG_WARN_OBJC_LITERAL_CONVERSION = YES;
				CLANG_WARN_OBJC_ROOT_CLASS = YES_ERROR;
				CLANG_WARN_RANGE_LOOP_ANALYSIS = YES;
				CLANG_WARN_STRICT_PROTOTYPES = YES;
				CLANG_WARN_SUSPICIOUS_MOVE = YES;
				CLANG_WARN_UNGUARDED_AVAILABILITY = YES_AGGRESSIVE;
				CLANG_WARN_UNREACHABLE_CODE = YES;
				CLANG_WARN__DUPLICATE_METHOD_MATCH = YES;
				CODE_SIGN_IDENTITY = "iPhone Developer";
				COPY_PHASE_STRIP = NO;
				DEBUG_INFORMATION_FORMAT = dwarf;
				ENABLE_STRICT_OBJC_MSGSEND = YES;
				ENABLE_TESTABILITY = YES;
				GCC_C_LANGUAGE_STANDARD = gnu11;
				GCC_DYNAMIC_NO_PIC = NO;
				GCC_NO_COMMON_BLOCKS = YES;
				GCC_OPTIMIZATION_LEVEL = 0;
				GCC_PREPROCESSOR_DEFINITIONS = (
					"DEBUG=1",
					"$(inherited)",
				);
				GCC_WARN_64_TO_32_BIT_CONVERSION = YES;
				GCC_WARN_ABOUT_RETURN_TYPE = YES_ERROR;
				GCC_WARN_UNDECLARED_SELECTOR = YES;
				GCC_WARN_UNINITIALIZED_AUTOS = YES_AGGRESSIVE;
				GCC_WARN_UNUSED_FUNCTION = YES;
				GCC_WARN_UNUSED_VARIABLE = YES;
				IPHONEOS_DEPLOYMENT_TARGET = 11.3;
				MTL_ENABLE_DEBUG_INFO = YES;
				ONLY_ACTIVE_ARCH = YES;
				SDKROOT = iphoneos;
				SWIFT_ACTIVE_COMPILATION_CONDITIONS = DEBUG;
				SWIFT_OPTIMIZATION_LEVEL = "-Onone";
			};
			name = Debug;
		};
		B7900C06203B26E10096E8E2 /* Release */ = {
			isa = XCBuildConfiguration;
			buildSettings = {
				ALWAYS_SEARCH_USER_PATHS = NO;
				CLANG_ANALYZER_NONNULL = YES;
				CLANG_ANALYZER_NUMBER_OBJECT_CONVERSION = YES_AGGRESSIVE;
				CLANG_CXX_LANGUAGE_STANDARD = "gnu++14";
				CLANG_CXX_LIBRARY = "libc++";
				CLANG_ENABLE_MODULES = YES;
				CLANG_ENABLE_OBJC_ARC = YES;
				CLANG_ENABLE_OBJC_WEAK = YES;
				CLANG_WARN_BLOCK_CAPTURE_AUTORELEASING = YES;
				CLANG_WARN_BOOL_CONVERSION = YES;
				CLANG_WARN_COMMA = YES;
				CLANG_WARN_CONSTANT_CONVERSION = YES;
				CLANG_WARN_DEPRECATED_OBJC_IMPLEMENTATIONS = YES;
				CLANG_WARN_DIRECT_OBJC_ISA_USAGE = YES_ERROR;
				CLANG_WARN_DOCUMENTATION_COMMENTS = YES;
				CLANG_WARN_EMPTY_BODY = YES;
				CLANG_WARN_ENUM_CONVERSION = YES;
				CLANG_WARN_INFINITE_RECURSION = YES;
				CLANG_WARN_INT_CONVERSION = YES;
				CLANG_WARN_NON_LITERAL_NULL_CONVERSION = YES;
				CLANG_WARN_OBJC_IMPLICIT_RETAIN_SELF = YES;
				CLANG_WARN_OBJC_LITERAL_CONVERSION = YES;
				CLANG_WARN_OBJC_ROOT_CLASS = YES_ERROR;
				CLANG_WARN_RANGE_LOOP_ANALYSIS = YES;
				CLANG_WARN_STRICT_PROTOTYPES = YES;
				CLANG_WARN_SUSPICIOUS_MOVE = YES;
				CLANG_WARN_UNGUARDED_AVAILABILITY = YES_AGGRESSIVE;
				CLANG_WARN_UNREACHABLE_CODE = YES;
				CLANG_WARN__DUPLICATE_METHOD_MATCH = YES;
				CODE_SIGN_IDENTITY = "iPhone Developer";
				COPY_PHASE_STRIP = NO;
				DEBUG_INFORMATION_FORMAT = "dwarf-with-dsym";
				ENABLE_NS_ASSERTIONS = NO;
				ENABLE_STRICT_OBJC_MSGSEND = YES;
				GCC_C_LANGUAGE_STANDARD = gnu11;
				GCC_NO_COMMON_BLOCKS = YES;
				GCC_WARN_64_TO_32_BIT_CONVERSION = YES;
				GCC_WARN_ABOUT_RETURN_TYPE = YES_ERROR;
				GCC_WARN_UNDECLARED_SELECTOR = YES;
				GCC_WARN_UNINITIALIZED_AUTOS = YES_AGGRESSIVE;
				GCC_WARN_UNUSED_FUNCTION = YES;
				GCC_WARN_UNUSED_VARIABLE = YES;
				IPHONEOS_DEPLOYMENT_TARGET = 11.3;
				MTL_ENABLE_DEBUG_INFO = NO;
				SDKROOT = iphoneos;
				SWIFT_OPTIMIZATION_LEVEL = "-Owholemodule";
				VALIDATE_PRODUCT = YES;
			};
			name = Release;
		};
		B7900C08203B26E10096E8E2 /* Debug */ = {
			isa = XCBuildConfiguration;
			baseConfigurationReference = D09123A673FEF11EC42C0DDC /* Pods-ShapeArtistExample.debug.xcconfig */;
			buildSettings = {
				ASSETCATALOG_COMPILER_APPICON_NAME = AppIcon;
				CODE_SIGN_STYLE = Automatic;
				DEVELOPMENT_TEAM = WK5TVJ8E6F;
				INFOPLIST_FILE = ShapeArtistExample/Info.plist;
				LD_RUNPATH_SEARCH_PATHS = (
					"$(inherited)",
					"@executable_path/Frameworks",
				);
				PRODUCT_BUNDLE_IDENTIFIER = com.examples.ShapeArtistExample.ShapeArtistExample;
				PRODUCT_NAME = "$(TARGET_NAME)";
				SWIFT_VERSION = 4.0;
				TARGETED_DEVICE_FAMILY = "1,2";
			};
			name = Debug;
		};
		B7900C09203B26E10096E8E2 /* Release */ = {
			isa = XCBuildConfiguration;
			baseConfigurationReference = B6CBABB69F9C3161B77D817D /* Pods-ShapeArtistExample.release.xcconfig */;
			buildSettings = {
				ASSETCATALOG_COMPILER_APPICON_NAME = AppIcon;
				CODE_SIGN_STYLE = Automatic;
				DEVELOPMENT_TEAM = WK5TVJ8E6F;
				INFOPLIST_FILE = ShapeArtistExample/Info.plist;
				LD_RUNPATH_SEARCH_PATHS = (
					"$(inherited)",
					"@executable_path/Frameworks",
				);
				PRODUCT_BUNDLE_IDENTIFIER = com.examples.ShapeArtistExample.ShapeArtistExample;
				PRODUCT_NAME = "$(TARGET_NAME)";
				SWIFT_VERSION = 4.0;
				TARGETED_DEVICE_FAMILY = "1,2";
			};
			name = Release;
		};
/* End XCBuildConfiguration section */

/* Begin XCConfigurationList section */
		B7900BF0203B26E00096E8E2 /* Build configuration list for PBXProject "ShapeArtistExample" */ = {
			isa = XCConfigurationList;
			buildConfigurations = (
				B7900C05203B26E10096E8E2 /* Debug */,
				B7900C06203B26E10096E8E2 /* Release */,
			);
			defaultConfigurationIsVisible = 0;
			defaultConfigurationName = Release;
		};
		B7900C07203B26E10096E8E2 /* Build configuration list for PBXNativeTarget "ShapeArtistExample" */ = {
			isa = XCConfigurationList;
			buildConfigurations = (
				B7900C08203B26E10096E8E2 /* Debug */,
				B7900C09203B26E10096E8E2 /* Release */,
			);
			defaultConfigurationIsVisible = 0;
			defaultConfigurationName = Release;
		};
/* End XCConfigurationList section */
	};
	rootObject = B7900BED203B26E00096E8E2 /* Project object */;
}
